// !$*UTF8*$!
{
	archiveVersion = 1;
	classes = {
	};
	objectVersion = 50;
	objects = {

/* Begin PBXBuildFile section */
		517DFCA825817E8C00E9137D /* AppDelegate.swift in Sources */ = {isa = PBXBuildFile; fileRef = 517DFCA725817E8C00E9137D /* AppDelegate.swift */; };
		517DFCAA25817E8C00E9137D /* SceneDelegate.swift in Sources */ = {isa = PBXBuildFile; fileRef = 517DFCA925817E8C00E9137D /* SceneDelegate.swift */; };
		517DFCAC25817E8C00E9137D /* ContentView.swift in Sources */ = {isa = PBXBuildFile; fileRef = 517DFCAB25817E8C00E9137D /* ContentView.swift */; };
		517DFCAE25817E8F00E9137D /* Assets.xcassets in Resources */ = {isa = PBXBuildFile; fileRef = 517DFCAD25817E8F00E9137D /* Assets.xcassets */; };
		517DFCB125817E8F00E9137D /* Preview Assets.xcassets in Resources */ = {isa = PBXBuildFile; fileRef = 517DFCB025817E8F00E9137D /* Preview Assets.xcassets */; };
		517DFCB425817E8F00E9137D /* LaunchScreen.storyboard in Resources */ = {isa = PBXBuildFile; fileRef = 517DFCB225817E8F00E9137D /* LaunchScreen.storyboard */; };
/* End PBXBuildFile section */

/* Begin PBXFileReference section */
		517DFCA425817E8C00E9137D /* SwiftUIMetflix.app */ = {isa = PBXFileReference; explicitFileType = wrapper.application; includeInIndex = 0; path = SwiftUIMetflix.app; sourceTree = BUILT_PRODUCTS_DIR; };
		517DFCA725817E8C00E9137D /* AppDelegate.swift */ = {isa = PBXFileReference; lastKnownFileType = sourcecode.swift; path = AppDelegate.swift; sourceTree = "<group>"; };
		517DFCA925817E8C00E9137D /* SceneDelegate.swift */ = {isa = PBXFileReference; lastKnownFileType = sourcecode.swift; path = SceneDelegate.swift; sourceTree = "<group>"; };
		517DFCAB25817E8C00E9137D /* ContentView.swift */ = {isa = PBXFileReference; lastKnownFileType = sourcecode.swift; path = ContentView.swift; sourceTree = "<group>"; };
		517DFCAD25817E8F00E9137D /* Assets.xcassets */ = {isa = PBXFileReference; lastKnownFileType = folder.assetcatalog; path = Assets.xcassets; sourceTree = "<group>"; };
		517DFCB025817E8F00E9137D /* Preview Assets.xcassets */ = {isa = PBXFileReference; lastKnownFileType = folder.assetcatalog; path = "Preview Assets.xcassets"; sourceTree = "<group>"; };
		517DFCB325817E8F00E9137D /* Base */ = {isa = PBXFileReference; lastKnownFileType = file.storyboard; name = Base; path = Base.lproj/LaunchScreen.storyboard; sourceTree = "<group>"; };
		517DFCB525817E8F00E9137D /* Info.plist */ = {isa = PBXFileReference; lastKnownFileType = text.plist.xml; path = Info.plist; sourceTree = "<group>"; };
/* End PBXFileReference section */

/* Begin PBXFrameworksBuildPhase section */
		517DFCA125817E8C00E9137D /* Frameworks */ = {
			isa = PBXFrameworksBuildPhase;
			buildActionMask = 2147483647;
			files = (
			);
			runOnlyForDeploymentPostprocessing = 0;
		};
/* End PBXFrameworksBuildPhase section */

/* Begin PBXGroup section */
		517DFC9B25817E8B00E9137D = {
			isa = PBXGroup;
			children = (
				517DFCA625817E8C00E9137D /* SwiftUIMetflix */,
				517DFCA525817E8C00E9137D /* Products */,
			);
			sourceTree = "<group>";
		};
		517DFCA525817E8C00E9137D /* Products */ = {
			isa = PBXGroup;
			children = (
				517DFCA425817E8C00E9137D /* SwiftUIMetflix.app */,
			);
			name = Products;
			sourceTree = "<group>";
		};
		517DFCA625817E8C00E9137D /* SwiftUIMetflix */ = {
			isa = PBXGroup;
			children = (
				517DFCA725817E8C00E9137D /* AppDelegate.swift */,
				517DFCA925817E8C00E9137D /* SceneDelegate.swift */,
				517DFCAB25817E8C00E9137D /* ContentView.swift */,
				517DFCAD25817E8F00E9137D /* Assets.xcassets */,
				517DFCB225817E8F00E9137D /* LaunchScreen.storyboard */,
				517DFCB525817E8F00E9137D /* Info.plist */,
				517DFCAF25817E8F00E9137D /* Preview Content */,
			);
			path = SwiftUIMetflix;
			sourceTree = "<group>";
		};
		517DFCAF25817E8F00E9137D /* Preview Content */ = {
			isa = PBXGroup;
			children = (
				517DFCB025817E8F00E9137D /* Preview Assets.xcassets */,
			);
			path = "Preview Content";
			sourceTree = "<group>";
		};
/* End PBXGroup section */

/* Begin PBXNativeTarget section */
		517DFCA325817E8C00E9137D /* SwiftUIMetflix */ = {
			isa = PBXNativeTarget;
			buildConfigurationList = 517DFCB825817E8F00E9137D /* Build configuration list for PBXNativeTarget "SwiftUIMetflix" */;
			buildPhases = (
				517DFCA025817E8C00E9137D /* Sources */,
				517DFCA125817E8C00E9137D /* Frameworks */,
				517DFCA225817E8C00E9137D /* Resources */,
			);
			buildRules = (
			);
			dependencies = (
			);
			name = SwiftUIMetflix;
			productName = SwiftUIMetflix;
			productReference = 517DFCA425817E8C00E9137D /* SwiftUIMetflix.app */;
			productType = "com.apple.product-type.application";
		};
/* End PBXNativeTarget section */

/* Begin PBXProject section */
		517DFC9C25817E8B00E9137D /* Project object */ = {
			isa = PBXProject;
			attributes = {
				LastSwiftUpdateCheck = 1220;
				LastUpgradeCheck = 1220;
				TargetAttributes = {
					517DFCA325817E8C00E9137D = {
						CreatedOnToolsVersion = 12.2;
					};
				};
			};
			buildConfigurationList = 517DFC9F25817E8B00E9137D /* Build configuration list for PBXProject "SwiftUIMetflix" */;
			compatibilityVersion = "Xcode 9.3";
			developmentRegion = en;
			hasScannedForEncodings = 0;
			knownRegions = (
				en,
				Base,
			);
			mainGroup = 517DFC9B25817E8B00E9137D;
			productRefGroup = 517DFCA525817E8C00E9137D /* Products */;
			projectDirPath = "";
			projectRoot = "";
			targets = (
				517DFCA325817E8C00E9137D /* SwiftUIMetflix */,
			);
		};
/* End PBXProject section */

/* Begin PBXResourcesBuildPhase section */
		517DFCA225817E8C00E9137D /* Resources */ = {
			isa = PBXResourcesBuildPhase;
			buildActionMask = 2147483647;
			files = (
				517DFCB425817E8F00E9137D /* LaunchScreen.storyboard in Resources */,
				517DFCB125817E8F00E9137D /* Preview Assets.xcassets in Resources */,
				517DFCAE25817E8F00E9137D /* Assets.xcassets in Resources */,
			);
			runOnlyForDeploymentPostprocessing = 0;
		};
/* End PBXResourcesBuildPhase section */

/* Begin PBXSourcesBuildPhase section */
		517DFCA025817E8C00E9137D /* Sources */ = {
			isa = PBXSourcesBuildPhase;
			buildActionMask = 2147483647;
			files = (
				517DFCA825817E8C00E9137D /* AppDelegate.swift in Sources */,
				517DFCAA25817E8C00E9137D /* SceneDelegate.swift in Sources */,
				517DFCAC25817E8C00E9137D /* ContentView.swift in Sources */,
			);
			runOnlyForDeploymentPostprocessing = 0;
		};
/* End PBXSourcesBuildPhase section */

/* Begin PBXVariantGroup section */
		517DFCB225817E8F00E9137D /* LaunchScreen.storyboard */ = {
			isa = PBXVariantGroup;
			children = (
				517DFCB325817E8F00E9137D /* Base */,
			);
			name = LaunchScreen.storyboard;
			sourceTree = "<group>";
		};
/* End PBXVariantGroup section */

/* Begin XCBuildConfiguration section */
		517DFCB625817E8F00E9137D /* Debug */ = {
			isa = XCBuildConfiguration;
			buildSettings = {
				ALWAYS_SEARCH_USER_PATHS = NO;
				CLANG_ANALYZER_NONNULL = YES;
				CLANG_ANALYZER_NUMBER_OBJECT_CONVERSION = YES_AGGRESSIVE;
				CLANG_CXX_LANGUAGE_STANDARD = "gnu++14";
				CLANG_CXX_LIBRARY = "libc++";
				CLANG_ENABLE_MODULES = YES;
				CLANG_ENABLE_OBJC_ARC = YES;
				CLANG_ENABLE_OBJC_WEAK = YES;
				CLANG_WARN_BLOCK_CAPTURE_AUTORELEASING = YES;
				CLANG_WARN_BOOL_CONVERSION = YES;
				CLANG_WARN_COMMA = YES;
				CLANG_WARN_CONSTANT_CONVERSION = YES;
				CLANG_WARN_DEPRECATED_OBJC_IMPLEMENTATIONS = YES;
				CLANG_WARN_DIRECT_OBJC_ISA_USAGE = YES_ERROR;
				CLANG_WARN_DOCUMENTATION_COMMENTS = YES;
				CLANG_WARN_EMPTY_BODY = YES;
				CLANG_WARN_ENUM_CONVERSION = YES;
				CLANG_WARN_INFINITE_RECURSION = YES;
				CLANG_WARN_INT_CONVERSION = YES;
				CLANG_WARN_NON_LITERAL_NULL_CONVERSION = YES;
				CLANG_WARN_OBJC_IMPLICIT_RETAIN_SELF = YES;
				CLANG_WARN_OBJC_LITERAL_CONVERSION = YES;
				CLANG_WARN_OBJC_ROOT_CLASS = YES_ERROR;
				CLANG_WARN_QUOTED_INCLUDE_IN_FRAMEWORK_HEADER = YES;
				CLANG_WARN_RANGE_LOOP_ANALYSIS = YES;
				CLANG_WARN_STRICT_PROTOTYPES = YES;
				CLANG_WARN_SUSPICIOUS_MOVE = YES;
				CLANG_WARN_UNGUARDED_AVAILABILITY = YES_AGGRESSIVE;
				CLANG_WARN_UNREACHABLE_CODE = YES;
				CLANG_WARN__DUPLICATE_METHOD_MATCH = YES;
				COPY_PHASE_STRIP = NO;
				DEBUG_INFORMATION_FORMAT = dwarf;
				ENABLE_STRICT_OBJC_MSGSEND = YES;
				ENABLE_TESTABILITY = YES;
				GCC_C_LANGUAGE_STANDARD = gnu11;
				GCC_DYNAMIC_NO_PIC = NO;
				GCC_NO_COMMON_BLOCKS = YES;
				GCC_OPTIMIZATION_LEVEL = 0;
				GCC_PREPROCESSOR_DEFINITIONS = (
					"DEBUG=1",
					"$(inherited)",
				);
				GCC_WARN_64_TO_32_BIT_CONVERSION = YES;
				GCC_WARN_ABOUT_RETURN_TYPE = YES_ERROR;
				GCC_WARN_UNDECLARED_SELECTOR = YES;
				GCC_WARN_UNINITIALIZED_AUTOS = YES_AGGRESSIVE;
				GCC_WARN_UNUSED_FUNCTION = YES;
				GCC_WARN_UNUSED_VARIABLE = YES;
				IPHONEOS_DEPLOYMENT_TARGET = 14.2;
				MTL_ENABLE_DEBUG_INFO = INCLUDE_SOURCE;
				MTL_FAST_MATH = YES;
				ONLY_ACTIVE_ARCH = YES;
				SDKROOT = iphoneos;
				SWIFT_ACTIVE_COMPILATION_CONDITIONS = DEBUG;
				SWIFT_OPTIMIZATION_LEVEL = "-Onone";
			};
			name = Debug;
		};
		517DFCB725817E8F00E9137D /* Release */ = {
			isa = XCBuildConfiguration;
			buildSettings = {
				ALWAYS_SEARCH_USER_PATHS = NO;
				CLANG_ANALYZER_NONNULL = YES;
				CLANG_ANALYZER_NUMBER_OBJECT_CONVERSION = YES_AGGRESSIVE;
				CLANG_CXX_LANGUAGE_STANDARD = "gnu++14";
				CLANG_CXX_LIBRARY = "libc++";
				CLANG_ENABLE_MODULES = YES;
				CLANG_ENABLE_OBJC_ARC = YES;
				CLANG_ENABLE_OBJC_WEAK = YES;
				CLANG_WARN_BLOCK_CAPTURE_AUTORELEASING = YES;
				CLANG_WARN_BOOL_CONVERSION = YES;
				CLANG_WARN_COMMA = YES;
				CLANG_WARN_CONSTANT_CONVERSION = YES;
				CLANG_WARN_DEPRECATED_OBJC_IMPLEMENTATIONS = YES;
				CLANG_WARN_DIRECT_OBJC_ISA_USAGE = YES_ERROR;
				CLANG_WARN_DOCUMENTATION_COMMENTS = YES;
				CLANG_WARN_EMPTY_BODY = YES;
				CLANG_WARN_ENUM_CONVERSION = YES;
				CLANG_WARN_INFINITE_RECURSION = YES;
				CLANG_WARN_INT_CONVERSION = YES;
				CLANG_WARN_NON_LITERAL_NULL_CONVERSION = YES;
				CLANG_WARN_OBJC_IMPLICIT_RETAIN_SELF = YES;
				CLANG_WARN_OBJC_LITERAL_CONVERSION = YES;
				CLANG_WARN_OBJC_ROOT_CLASS = YES_ERROR;
				CLANG_WARN_QUOTED_INCLUDE_IN_FRAMEWORK_HEADER = YES;
				CLANG_WARN_RANGE_LOOP_ANALYSIS = YES;
				CLANG_WARN_STRICT_PROTOTYPES = YES;
				CLANG_WARN_SUSPICIOUS_MOVE = YES;
				CLANG_WARN_UNGUARDED_AVAILABILITY = YES_AGGRESSIVE;
				CLANG_WARN_UNREACHABLE_CODE = YES;
				CLANG_WARN__DUPLICATE_METHOD_MATCH = YES;
				COPY_PHASE_STRIP = NO;
				DEBUG_INFORMATION_FORMAT = "dwarf-with-dsym";
				ENABLE_NS_ASSERTIONS = NO;
				ENABLE_STRICT_OBJC_MSGSEND = YES;
				GCC_C_LANGUAGE_STANDARD = gnu11;
				GCC_NO_COMMON_BLOCKS = YES;
				GCC_WARN_64_TO_32_BIT_CONVERSION = YES;
				GCC_WARN_ABOUT_RETURN_TYPE = YES_ERROR;
				GCC_WARN_UNDECLARED_SELECTOR = YES;
				GCC_WARN_UNINITIALIZED_AUTOS = YES_AGGRESSIVE;
				GCC_WARN_UNUSED_FUNCTION = YES;
				GCC_WARN_UNUSED_VARIABLE = YES;
				IPHONEOS_DEPLOYMENT_TARGET = 14.2;
				MTL_ENABLE_DEBUG_INFO = NO;
				MTL_FAST_MATH = YES;
				SDKROOT = iphoneos;
				SWIFT_COMPILATION_MODE = wholemodule;
				SWIFT_OPTIMIZATION_LEVEL = "-O";
				VALIDATE_PRODUCT = YES;
			};
			name = Release;
		};
		517DFCB925817E8F00E9137D /* Debug */ = {
			isa = XCBuildConfiguration;
			buildSettings = {
				ASSETCATALOG_COMPILER_APPICON_NAME = AppIcon;
				ASSETCATALOG_COMPILER_GLOBAL_ACCENT_COLOR_NAME = AccentColor;
				CODE_SIGN_STYLE = Automatic;
				DEVELOPMENT_ASSET_PATHS = "\"SwiftUIMetflix/Preview Content\"";
				ENABLE_PREVIEWS = YES;
				INFOPLIST_FILE = SwiftUIMetflix/Info.plist;
				LD_RUNPATH_SEARCH_PATHS = (
					"$(inherited)",
					"@executable_path/Frameworks",
				);
				PRODUCT_BUNDLE_IDENTIFIER = fabiolindemberg.SwiftUIMetflix;
				PRODUCT_NAME = "$(TARGET_NAME)";
				SWIFT_VERSION = 5.0;
				TARGETED_DEVICE_FAMILY = "1,2";
			};
			name = Debug;
		};
		517DFCBA25817E8F00E9137D /* Release */ = {
			isa = XCBuildConfiguration;
			buildSettings = {
				ASSETCATALOG_COMPILER_APPICON_NAME = AppIcon;
				ASSETCATALOG_COMPILER_GLOBAL_ACCENT_COLOR_NAME = AccentColor;
				CODE_SIGN_STYLE = Automatic;
				DEVELOPMENT_ASSET_PATHS = "\"SwiftUIMetflix/Preview Content\"";
				ENABLE_PREVIEWS = YES;
				INFOPLIST_FILE = SwiftUIMetflix/Info.plist;
				LD_RUNPATH_SEARCH_PATHS = (
					"$(inherited)",
					"@executable_path/Frameworks",
				);
				PRODUCT_BUNDLE_IDENTIFIER = fabiolindemberg.SwiftUIMetflix;
				PRODUCT_NAME = "$(TARGET_NAME)";
				SWIFT_VERSION = 5.0;
				TARGETED_DEVICE_FAMILY = "1,2";
			};
			name = Release;
		};
/* End XCBuildConfiguration section */

/* Begin XCConfigurationList section */
		517DFC9F25817E8B00E9137D /* Build configuration list for PBXProject "SwiftUIMetflix" */ = {
			isa = XCConfigurationList;
			buildConfigurations = (
				517DFCB625817E8F00E9137D /* Debug */,
				517DFCB725817E8F00E9137D /* Release */,
			);
			defaultConfigurationIsVisible = 0;
			defaultConfigurationName = Release;
		};
		517DFCB825817E8F00E9137D /* Build configuration list for PBXNativeTarget "SwiftUIMetflix" */ = {
			isa = XCConfigurationList;
			buildConfigurations = (
				517DFCB925817E8F00E9137D /* Debug */,
				517DFCBA25817E8F00E9137D /* Release */,
			);
			defaultConfigurationIsVisible = 0;
			defaultConfigurationName = Release;
		};
/* End XCConfigurationList section */
	};
	rootObject = 517DFC9C25817E8B00E9137D /* Project object */;
}
